{
  "name": "sessionstorage",
  "version": "0.1.1",
  "lockfileVersion": 1,
  "requires": true,
  "dependencies": {
    "abbrev": {
      "version": "1.0.9",
      "resolved": "https://signiant.jfrog.io/signiant/api/npm/npm-virt/abbrev/-/abbrev-1.0.9.tgz",
      "integrity": "sha1-kbR5JYinc4wl813W9jdSovh3YTU=",
      "dev": true
    },
    "amdefine": {
      "version": "1.0.1",
      "resolved": "https://signiant.jfrog.io/signiant/api/npm/npm-virt/amdefine/-/amdefine-1.0.1.tgz",
      "integrity": "sha1-SlKCrBZHKek2Gbz9OtFR+BfOkfU=",
      "dev": true,
      "optional": true
    },
    "argparse": {
      "version": "1.0.10",
      "resolved": "https://signiant.jfrog.io/signiant/api/npm/npm-virt/argparse/-/argparse-1.0.10.tgz",
      "integrity": "sha1-vNZ5HqWuCXJeF+WtmIE0zUCz2RE=",
      "dev": true,
      "requires": {
        "sprintf-js": "~1.0.2"
      }
    },
    "assume": {
      "version": "2.3.0",
      "resolved": "https://signiant.jfrog.io/signiant/api/npm/npm-virt/assume/-/assume-2.3.0.tgz",
      "integrity": "sha1-P9KW28kqOHLD1En+pWHTnF5G1I8=",
      "dev": true,
      "requires": {
        "deep-eql": "^3.0.1",
        "fn.name": "^1.0.1",
        "is-buffer": "^2.0.0",
        "object-inspect": "^1.5.0",
        "propget": "^1.1.0",
        "pruddy-error": "^2.0.2"
      }
    },
    "async": {
      "version": "1.5.2",
      "resolved": "https://signiant.jfrog.io/signiant/api/npm/npm-virt/async/-/async-1.5.2.tgz",
      "integrity": "sha1-7GphrlZIDAw8skHJVhjiCJL5Zyo=",
      "dev": true
    },
    "balanced-match": {
      "version": "1.0.2",
      "resolved": "https://signiant.jfrog.io/signiant/api/npm/npm-virt/balanced-match/-/balanced-match-1.0.2.tgz",
      "integrity": "sha1-6D46fj8wCzTLnYf2FfoMvzV2kO4=",
      "dev": true
    },
    "brace-expansion": {
      "version": "1.1.11",
      "resolved": "https://signiant.jfrog.io/signiant/api/npm/npm-virt/brace-expansion/-/brace-expansion-1.1.11.tgz",
      "integrity": "sha1-PH/L9SnYcibz0vUrlm/1Jx60Qd0=",
      "dev": true,
      "requires": {
        "balanced-match": "^1.0.0",
        "concat-map": "0.0.1"
      }
    },
    "browser-stdout": {
      "version": "1.3.1",
      "resolved": "https://signiant.jfrog.io/signiant/api/npm/npm-virt/browser-stdout/-/browser-stdout-1.3.1.tgz",
      "integrity": "sha1-uqVZ7hTO1zRSIputcyZGfGH6vWA=",
      "dev": true
    },
    "buffer-from": {
      "version": "1.1.2",
      "resolved": "https://signiant.jfrog.io/signiant/api/npm/npm-virt/buffer-from/-/buffer-from-1.1.2.tgz",
      "integrity": "sha1-KxRqb9cugLT1XSVfNe1Zo6mkG9U=",
      "dev": true
    },
    "commander": {
      "version": "2.15.1",
      "resolved": "https://signiant.jfrog.io/signiant/api/npm/npm-virt/commander/-/commander-2.15.1.tgz",
      "integrity": "sha1-30boZ9D8Kuxmo0ZitAapzK//Ww8=",
      "dev": true
    },
    "concat-map": {
      "version": "0.0.1",
      "resolved": "https://signiant.jfrog.io/signiant/api/npm/npm-virt/concat-map/-/concat-map-0.0.1.tgz",
      "integrity": "sha1-2Klr13/Wjfd5OnMDajug1UBdR3s=",
      "dev": true
    },
    "concat-stream": {
      "version": "1.6.2",
      "resolved": "https://signiant.jfrog.io/signiant/api/npm/npm-virt/concat-stream/-/concat-stream-1.6.2.tgz",
      "integrity": "sha1-kEvfGUzTEi/Gdcd/xKw9T/D9GjQ=",
      "dev": true,
      "requires": {
        "buffer-from": "^1.0.0",
        "inherits": "^2.0.3",
        "readable-stream": "^2.2.2",
        "typedarray": "^0.0.6"
      }
    },
    "core-util-is": {
      "version": "1.0.3",
      "resolved": "https://signiant.jfrog.io/signiant/api/npm/npm-virt/core-util-is/-/core-util-is-1.0.3.tgz",
      "integrity": "sha1-pgQtNjTCsn6TKPg3uWX6yDgI24U=",
      "dev": true
    },
    "cross-spawn": {
      "version": "5.1.0",
      "resolved": "https://signiant.jfrog.io/signiant/api/npm/npm-virt/cross-spawn/-/cross-spawn-5.1.0.tgz",
      "integrity": "sha1-6L0O/uWPz/b4+UUQoKVUu/ojVEk=",
      "dev": true,
      "requires": {
        "lru-cache": "^4.0.1",
        "shebang-command": "^1.2.0",
        "which": "^1.2.9"
      }
    },
    "debug": {
      "version": "3.1.0",
      "resolved": "https://signiant.jfrog.io/signiant/api/npm/npm-virt/debug/-/debug-3.1.0.tgz",
      "integrity": "sha1-W7WgZyYotkFJVmuhaBnmFRjGcmE=",
      "dev": true,
      "requires": {
        "ms": "2.0.0"
      }
    },
    "deep-eql": {
      "version": "3.0.1",
      "resolved": "https://signiant.jfrog.io/signiant/api/npm/npm-virt/deep-eql/-/deep-eql-3.0.1.tgz",
      "integrity": "sha1-38lARACtHI/gI+faHfHBR8S0RN8=",
      "dev": true,
      "requires": {
        "type-detect": "^4.0.0"
      }
    },
    "deep-is": {
      "version": "0.1.4",
      "resolved": "https://signiant.jfrog.io/signiant/api/npm/npm-virt/deep-is/-/deep-is-0.1.4.tgz",
      "integrity": "sha1-pvLc5hL63S7x9Rm3NVHxfoUZmDE=",
      "dev": true
    },
    "diff": {
      "version": "3.5.0",
      "resolved": "https://signiant.jfrog.io/signiant/api/npm/npm-virt/diff/-/diff-3.5.0.tgz",
      "integrity": "sha1-gAwN0eCov7yVg1wgKtIg/jF+WhI=",
      "dev": true
    },
    "escape-string-regexp": {
      "version": "1.0.5",
      "resolved": "https://signiant.jfrog.io/signiant/api/npm/npm-virt/escape-string-regexp/-/escape-string-regexp-1.0.5.tgz",
      "integrity": "sha1-G2HAViGQqN/2rjuyzwIAyhMLhtQ=",
      "dev": true
    },
    "escodegen": {
      "version": "1.8.1",
      "resolved": "https://signiant.jfrog.io/signiant/api/npm/npm-virt/escodegen/-/escodegen-1.8.1.tgz",
      "integrity": "sha1-WltTr0aTEQvrsIZ6o0MN07cKEBg=",
      "dev": true,
      "requires": {
        "esprima": "^2.7.1",
        "estraverse": "^1.9.1",
        "esutils": "^2.0.2",
        "optionator": "^0.8.1",
        "source-map": "~0.2.0"
      }
    },
    "esprima": {
      "version": "2.7.3",
      "resolved": "https://signiant.jfrog.io/signiant/api/npm/npm-virt/esprima/-/esprima-2.7.3.tgz",
      "integrity": "sha1-luO3DVd59q1JzQMmc9HDEnZ7pYE=",
      "dev": true
    },
    "estraverse": {
      "version": "1.9.3",
      "resolved": "https://signiant.jfrog.io/signiant/api/npm/npm-virt/estraverse/-/estraverse-1.9.3.tgz",
      "integrity": "sha1-r2fy3JIlgkFZUJJgkaQAXSnJu0Q=",
      "dev": true
    },
    "esutils": {
      "version": "2.0.3",
      "resolved": "https://signiant.jfrog.io/signiant/api/npm/npm-virt/esutils/-/esutils-2.0.3.tgz",
      "integrity": "sha1-dNLrTeC42hKTcRkQ1Qd1ubcQ72Q=",
      "dev": true
    },
    "fast-levenshtein": {
      "version": "2.0.6",
      "resolved": "https://signiant.jfrog.io/signiant/api/npm/npm-virt/fast-levenshtein/-/fast-levenshtein-2.0.6.tgz",
      "integrity": "sha1-PYpcZog6FqMMqGQ+hR8Zuqd5eRc=",
      "dev": true
    },
    "fn.name": {
      "version": "1.1.0",
      "resolved": "https://signiant.jfrog.io/signiant/api/npm/npm-virt/fn.name/-/fn.name-1.1.0.tgz",
      "integrity": "sha1-JsrYAXlnrqhzG8QpYdBKPVmIrMw=",
      "dev": true
    },
    "fs.realpath": {
      "version": "1.0.0",
      "resolved": "https://signiant.jfrog.io/signiant/api/npm/npm-virt/fs.realpath/-/fs.realpath-1.0.0.tgz",
      "integrity": "sha1-FQStJSMVjKpA20onh8sBQRmU6k8=",
      "dev": true
    },
    "glob": {
      "version": "5.0.15",
      "resolved": "https://signiant.jfrog.io/signiant/api/npm/npm-virt/glob/-/glob-5.0.15.tgz",
      "integrity": "sha1-G8k2ueAvSmA/zCIuz3Yz0wuLk7E=",
      "dev": true,
      "requires": {
        "inflight": "^1.0.4",
        "inherits": "2",
        "minimatch": "2 || 3",
        "once": "^1.3.0",
        "path-is-absolute": "^1.0.0"
      }
    },
    "growl": {
      "version": "1.10.5",
      "resolved": "https://signiant.jfrog.io/signiant/api/npm/npm-virt/growl/-/growl-1.10.5.tgz",
      "integrity": "sha1-8nNdwig2dPpnR4sQGBBZNVw2nl4=",
      "dev": true
    },
    "handlebars": {
      "version": "4.7.7",
      "resolved": "https://signiant.jfrog.io/signiant/api/npm/npm-virt/handlebars/-/handlebars-4.7.7.tgz",
      "integrity": "sha1-nOM0FqrQLb1sj6+oJA1dmABJRaE=",
      "dev": true,
      "requires": {
        "minimist": "^1.2.5",
        "neo-async": "^2.6.0",
        "source-map": "^0.6.1",
        "uglify-js": "^3.1.4",
        "wordwrap": "^1.0.0"
      },
      "dependencies": {
        "source-map": {
          "version": "0.6.1",
          "resolved": "https://signiant.jfrog.io/signiant/api/npm/npm-virt/source-map/-/source-map-0.6.1.tgz",
          "integrity": "sha1-dHIq8y6WFOnCh6jQu95IteLxomM=",
          "dev": true
        }
      }
    },
    "has-flag": {
      "version": "1.0.0",
      "resolved": "https://signiant.jfrog.io/signiant/api/npm/npm-virt/has-flag/-/has-flag-1.0.0.tgz",
      "integrity": "sha1-nZ55MWXOAXoA8AQYxD+UKnsdEfo=",
      "dev": true
    },
    "he": {
      "version": "1.1.1",
      "resolved": "https://signiant.jfrog.io/signiant/api/npm/npm-virt/he/-/he-1.1.1.tgz",
      "integrity": "sha1-k0EP0hsAlzUVH4howvJx80J+I/0=",
      "dev": true
    },
    "inflight": {
      "version": "1.0.6",
      "resolved": "https://signiant.jfrog.io/signiant/api/npm/npm-virt/inflight/-/inflight-1.0.6.tgz",
      "integrity": "sha1-Sb1jMdfQLQwJvJEKEHW6gWW1bfk=",
      "dev": true,
      "requires": {
        "once": "^1.3.0",
        "wrappy": "1"
      }
    },
    "inherits": {
      "version": "2.0.4",
      "resolved": "https://signiant.jfrog.io/signiant/api/npm/npm-virt/inherits/-/inherits-2.0.4.tgz",
      "integrity": "sha1-D6LGT5MpF8NDOg3tVTY6rjdBa3w=",
      "dev": true
    },
    "is-buffer": {
      "version": "2.0.5",
      "resolved": "https://signiant.jfrog.io/signiant/api/npm/npm-virt/is-buffer/-/is-buffer-2.0.5.tgz",
      "integrity": "sha1-68JS5ADSL/jXf6CYiIIaJKZYwZE=",
      "dev": true
    },
    "is-node": {
      "version": "1.0.2",
      "resolved": "https://signiant.jfrog.io/signiant/api/npm/npm-virt/is-node/-/is-node-1.0.2.tgz",
      "integrity": "sha1-19ACdF733ru3R36YiVarCk/MtlM=",
      "dev": true
    },
    "isarray": {
      "version": "1.0.0",
      "resolved": "https://signiant.jfrog.io/signiant/api/npm/npm-virt/isarray/-/isarray-1.0.0.tgz",
      "integrity": "sha1-u5NdSFgsuhaMBoNJV6VKPgcSTxE=",
      "dev": true
    },
    "isexe": {
      "version": "2.0.0",
      "resolved": "https://signiant.jfrog.io/signiant/api/npm/npm-virt/isexe/-/isexe-2.0.0.tgz",
      "integrity": "sha1-6PvzdNxVb/iUehDcsFctYz8s+hA=",
      "dev": true
    },
    "istanbul": {
      "version": "0.4.5",
      "resolved": "https://signiant.jfrog.io/signiant/api/npm/npm-virt/istanbul/-/istanbul-0.4.5.tgz",
      "integrity": "sha1-ZcfXPUxNqE1POsMQuRj7C4Azczs=",
      "dev": true,
      "requires": {
        "abbrev": "1.0.x",
        "async": "1.x",
        "escodegen": "1.8.x",
        "esprima": "2.7.x",
        "glob": "^5.0.15",
        "handlebars": "^4.0.1",
        "js-yaml": "3.x",
        "mkdirp": "0.5.x",
        "nopt": "3.x",
        "once": "1.x",
        "resolve": "1.1.x",
        "supports-color": "^3.1.0",
        "which": "^1.1.1",
        "wordwrap": "^1.0.0"
      }
    },
    "js-yaml": {
      "version": "3.14.1",
      "resolved": "https://signiant.jfrog.io/signiant/api/npm/npm-virt/js-yaml/-/js-yaml-3.14.1.tgz",
      "integrity": "sha1-2ugS/bOCX6MGYJqHFzg8UMNqBTc=",
      "dev": true,
      "requires": {
        "argparse": "^1.0.7",
        "esprima": "^4.0.0"
      },
      "dependencies": {
        "esprima": {
          "version": "4.0.1",
          "resolved": "https://signiant.jfrog.io/signiant/api/npm/npm-virt/esprima/-/esprima-4.0.1.tgz",
          "integrity": "sha1-E7BM2z5sXRnfkatph6hpVhmwqnE=",
          "dev": true
        }
      }
    },
    "koekiemonster": {
      "version": "2.2.1",
      "resolved": "https://signiant.jfrog.io/signiant/api/npm/npm-virt/koekiemonster/-/koekiemonster-2.2.1.tgz",
      "integrity": "sha1-MQ4fgyhmMA0DvwjPzutxz3tMVuk="
    },
    "koekje": {
      "version": "0.2.0",
      "resolved": "https://signiant.jfrog.io/signiant/api/npm/npm-virt/koekje/-/koekje-0.2.0.tgz",
      "integrity": "sha1-15rzm7EuUWsuJuknQ4Krxya7RNY=",
      "requires": {
        "koekiemonster": "2.2.x",
        "querystringify": "2.1.x"
      }
    },
    "left-pad": {
      "version": "1.3.0",
      "resolved": "https://signiant.jfrog.io/signiant/api/npm/npm-virt/left-pad/-/left-pad-1.3.0.tgz",
      "integrity": "sha1-W4o6d2Xf4AEmHd6RVYnngvjJTR4=",
      "dev": true
    },
    "levn": {
      "version": "0.3.0",
      "resolved": "https://signiant.jfrog.io/signiant/api/npm/npm-virt/levn/-/levn-0.3.0.tgz",
      "integrity": "sha1-OwmSTt+fCDwEkP3UwLxEIeBHZO4=",
      "dev": true,
      "requires": {
        "prelude-ls": "~1.1.2",
        "type-check": "~0.3.2"
      }
    },
    "lru-cache": {
      "version": "4.1.5",
      "resolved": "https://signiant.jfrog.io/signiant/api/npm/npm-virt/lru-cache/-/lru-cache-4.1.5.tgz",
      "integrity": "sha1-i75Q6oW+1ZvJ4z3KuCNe6bz0Q80=",
      "dev": true,
      "requires": {
        "pseudomap": "^1.0.2",
        "yallist": "^2.1.2"
      }
    },
    "minimatch": {
      "version": "3.0.4",
      "resolved": "https://signiant.jfrog.io/signiant/api/npm/npm-virt/minimatch/-/minimatch-3.0.4.tgz",
      "integrity": "sha1-UWbihkV/AzBgZL5Ul+jbsMPTIIM=",
      "dev": true,
      "requires": {
        "brace-expansion": "^1.1.7"
      }
    },
    "minimist": {
      "version": "1.2.5",
      "resolved": "https://signiant.jfrog.io/signiant/api/npm/npm-virt/minimist/-/minimist-1.2.5.tgz",
      "integrity": "sha1-Z9ZgFLZqaoqqDAg8X9WN9OTpdgI=",
      "dev": true
    },
    "mkdirp": {
      "version": "0.5.5",
      "resolved": "https://signiant.jfrog.io/signiant/api/npm/npm-virt/mkdirp/-/mkdirp-0.5.5.tgz",
      "integrity": "sha1-2Rzv1i0UNsoPQWIOJRKI1CAJne8=",
      "dev": true,
      "requires": {
        "minimist": "^1.2.5"
      }
    },
    "mocha": {
      "version": "5.2.0",
      "resolved": "https://signiant.jfrog.io/signiant/api/npm/npm-virt/mocha/-/mocha-5.2.0.tgz",
      "integrity": "sha1-bYrlCPWRZ/lA8rWzxKYSrlDJCuY=",
      "dev": true,
      "requires": {
        "browser-stdout": "1.3.1",
        "commander": "2.15.1",
        "debug": "3.1.0",
        "diff": "3.5.0",
        "escape-string-regexp": "1.0.5",
        "glob": "7.1.2",
        "growl": "1.10.5",
        "he": "1.1.1",
        "minimatch": "3.0.4",
        "mkdirp": "0.5.1",
        "supports-color": "5.4.0"
      },
      "dependencies": {
        "glob": {
          "version": "7.1.2",
          "resolved": "https://signiant.jfrog.io/signiant/api/npm/npm-virt/glob/-/glob-7.1.2.tgz",
          "integrity": "sha1-wZyd+aAocC1nhhI4SmVSQExjbRU=",
          "dev": true,
          "requires": {
            "fs.realpath": "^1.0.0",
            "inflight": "^1.0.4",
            "inherits": "2",
            "minimatch": "^3.0.4",
            "once": "^1.3.0",
            "path-is-absolute": "^1.0.0"
          }
        },
        "has-flag": {
          "version": "3.0.0",
          "resolved": "https://signiant.jfrog.io/signiant/api/npm/npm-virt/has-flag/-/has-flag-3.0.0.tgz",
          "integrity": "sha1-tdRU3CGZriJWmfNGfloH87lVuv0=",
          "dev": true
        },
        "minimist": {
          "version": "0.0.8",
          "resolved": "https://signiant.jfrog.io/signiant/api/npm/npm-virt/minimist/-/minimist-0.0.8.tgz",
          "integrity": "sha1-hX/Kv8M5fSYluCKCYuhqp6ARsF0=",
          "dev": true
        },
        "mkdirp": {
          "version": "0.5.1",
          "resolved": "https://signiant.jfrog.io/signiant/api/npm/npm-virt/mkdirp/-/mkdirp-0.5.1.tgz",
          "integrity": "sha1-MAV0OOrGz3+MR2fzhkjWaX11yQM=",
          "dev": true,
          "requires": {
            "minimist": "0.0.8"
          }
        },
        "supports-color": {
          "version": "5.4.0",
          "resolved": "https://signiant.jfrog.io/signiant/api/npm/npm-virt/supports-color/-/supports-color-5.4.0.tgz",
          "integrity": "sha1-HGszdALCE3YF7+GfEP7DkPb6q1Q=",
          "dev": true,
          "requires": {
            "has-flag": "^3.0.0"
          }
        }
      }
    },
    "ms": {
      "version": "2.0.0",
      "resolved": "https://signiant.jfrog.io/signiant/api/npm/npm-virt/ms/-/ms-2.0.0.tgz",
      "integrity": "sha1-VgiurfwAvmwpAd9fmGF4jeDVl8g=",
      "dev": true
    },
    "neo-async": {
      "version": "2.6.2",
      "resolved": "https://signiant.jfrog.io/signiant/api/npm/npm-virt/neo-async/-/neo-async-2.6.2.tgz",
      "integrity": "sha1-tKr7k+OustgXTKU88WOrfXMIMF8=",
      "dev": true
    },
    "nopt": {
      "version": "3.0.6",
      "resolved": "https://signiant.jfrog.io/signiant/api/npm/npm-virt/nopt/-/nopt-3.0.6.tgz",
      "integrity": "sha1-xkZdvwirzU2zWTF/eaxopkayj/k=",
      "dev": true,
      "requires": {
        "abbrev": "1"
      }
    },
    "object-inspect": {
      "version": "1.12.0",
      "resolved": "https://signiant.jfrog.io/signiant/api/npm/npm-virt/object-inspect/-/object-inspect-1.12.0.tgz",
      "integrity": "sha1-biwSDoaP0f0Yy08YwxdB0NbndvA=",
      "dev": true
    },
    "objstorage": {
      "version": "1.0.0",
      "resolved": "https://signiant.jfrog.io/signiant/api/npm/npm-virt/objstorage/-/objstorage-1.0.0.tgz",
      "integrity": "sha1-m9abYGg0PbaU8QndmALotFZAdhg="
    },
    "once": {
      "version": "1.4.0",
      "resolved": "https://signiant.jfrog.io/signiant/api/npm/npm-virt/once/-/once-1.4.0.tgz",
      "integrity": "sha1-WDsap3WWHUsROsF9nFC6753Xa9E=",
      "dev": true,
      "requires": {
        "wrappy": "1"
      }
    },
    "optionator": {
      "version": "0.8.3",
      "resolved": "https://signiant.jfrog.io/signiant/api/npm/npm-virt/optionator/-/optionator-0.8.3.tgz",
      "integrity": "sha1-hPodA2/p08fiHZmIS2ARZ+yPtJU=",
      "dev": true,
      "requires": {
        "deep-is": "~0.1.3",
        "fast-levenshtein": "~2.0.6",
        "levn": "~0.3.0",
        "prelude-ls": "~1.1.2",
        "type-check": "~0.3.2",
        "word-wrap": "~1.2.3"
      }
    },
    "os-shim": {
      "version": "0.1.3",
      "resolved": "https://signiant.jfrog.io/signiant/api/npm/npm-virt/os-shim/-/os-shim-0.1.3.tgz",
      "integrity": "sha1-a2LDeRz3kJ6jXtRuF2WLtBfLORc=",
      "dev": true
    },
    "path-is-absolute": {
      "version": "1.0.1",
      "resolved": "https://signiant.jfrog.io/signiant/api/npm/npm-virt/path-is-absolute/-/path-is-absolute-1.0.1.tgz",
      "integrity": "sha1-F0uSaHNVNP+8es5r9TpanhtcX18=",
      "dev": true
    },
    "pre-commit": {
      "version": "1.2.2",
      "resolved": "https://signiant.jfrog.io/signiant/api/npm/npm-virt/pre-commit/-/pre-commit-1.2.2.tgz",
      "integrity": "sha1-287g7p3nI15X95xW186UZBpp7sY=",
      "dev": true,
      "requires": {
        "cross-spawn": "^5.0.1",
        "spawn-sync": "^1.0.15",
        "which": "1.2.x"
      },
      "dependencies": {
        "which": {
          "version": "1.2.14",
          "resolved": "https://signiant.jfrog.io/signiant/api/npm/npm-virt/which/-/which-1.2.14.tgz",
          "integrity": "sha1-mofEN48D6CfOyvGs31bHNsAcFOU=",
          "dev": true,
          "requires": {
            "isexe": "^2.0.0"
          }
        }
      }
    },
    "prelude-ls": {
      "version": "1.1.2",
      "resolved": "https://signiant.jfrog.io/signiant/api/npm/npm-virt/prelude-ls/-/prelude-ls-1.1.2.tgz",
      "integrity": "sha1-IZMqVJ9eUv/ZqCf1cOBL5iqX2lQ=",
      "dev": true
    },
    "process-nextick-args": {
      "version": "2.0.1",
      "resolved": "https://signiant.jfrog.io/signiant/api/npm/npm-virt/process-nextick-args/-/process-nextick-args-2.0.1.tgz",
      "integrity": "sha1-eCDZsWEgzFXKmud5JoCufbptf+I=",
      "dev": true
    },
    "propget": {
      "version": "1.1.0",
      "resolved": "https://signiant.jfrog.io/signiant/api/npm/npm-virt/propget/-/propget-1.1.0.tgz",
      "integrity": "sha1-bBx6yaCcBb21yWfwzY4cCUCf72s=",
      "dev": true
    },
    "pruddy-error": {
      "version": "2.0.2",
      "resolved": "https://signiant.jfrog.io/signiant/api/npm/npm-virt/pruddy-error/-/pruddy-error-2.0.2.tgz",
      "integrity": "sha1-BQfXqMzA/35Jf6eAIByXJ7MCGBw=",
      "dev": true,
      "requires": {
        "is-node": "^1.0.2",
        "left-pad": "^1.2.0"
      }
    },
    "pseudomap": {
      "version": "1.0.2",
      "resolved": "https://signiant.jfrog.io/signiant/api/npm/npm-virt/pseudomap/-/pseudomap-1.0.2.tgz",
      "integrity": "sha1-8FKijacOYYkX7wqKw0wa5aaChrM=",
      "dev": true
    },
    "querystringify": {
      "version": "2.1.1",
      "resolved": "https://signiant.jfrog.io/signiant/api/npm/npm-virt/querystringify/-/querystringify-2.1.1.tgz",
      "integrity": "sha1-YOWl/WSn+L+k0qsu1v30yFutFU4="
    },
    "readable-stream": {
      "version": "2.3.7",
      "resolved": "https://signiant.jfrog.io/signiant/api/npm/npm-virt/readable-stream/-/readable-stream-2.3.7.tgz",
      "integrity": "sha1-Hsoc9xGu+BTAT2IlKjamL2yyO1c=",
      "dev": true,
      "requires": {
        "core-util-is": "~1.0.0",
        "inherits": "~2.0.3",
        "isarray": "~1.0.0",
        "process-nextick-args": "~2.0.0",
        "safe-buffer": "~5.1.1",
        "string_decoder": "~1.1.1",
        "util-deprecate": "~1.0.1"
      }
    },
    "resolve": {
      "version": "1.1.7",
      "resolved": "https://signiant.jfrog.io/signiant/api/npm/npm-virt/resolve/-/resolve-1.1.7.tgz",
      "integrity": "sha1-IDEU2CrSxe2ejgQRs5ModeiJ6Xs=",
      "dev": true
    },
    "safe-buffer": {
      "version": "5.1.2",
      "resolved": "https://signiant.jfrog.io/signiant/api/npm/npm-virt/safe-buffer/-/safe-buffer-5.1.2.tgz",
      "integrity": "sha1-mR7GnSluAxN0fVm9/St0XDX4go0=",
      "dev": true
    },
    "shebang-command": {
      "version": "1.2.0",
      "resolved": "https://signiant.jfrog.io/signiant/api/npm/npm-virt/shebang-command/-/shebang-command-1.2.0.tgz",
      "integrity": "sha1-RKrGW2lbAzmJaMOfNj/uXer98eo=",
      "dev": true,
      "requires": {
        "shebang-regex": "^1.0.0"
      }
    },
    "shebang-regex": {
      "version": "1.0.0",
      "resolved": "https://signiant.jfrog.io/signiant/api/npm/npm-virt/shebang-regex/-/shebang-regex-1.0.0.tgz",
      "integrity": "sha1-2kL0l0DAtC2yypcoVxyxkMmO/qM=",
      "dev": true
    },
    "source-map": {
      "version": "0.2.0",
      "resolved": "https://signiant.jfrog.io/signiant/api/npm/npm-virt/source-map/-/source-map-0.2.0.tgz",
      "integrity": "sha1-2rc/vPwrqBm03gO9b26qSBZLP50=",
      "dev": true,
      "optional": true,
      "requires": {
        "amdefine": ">=0.0.4"
      }
    },
    "spawn-sync": {
      "version": "1.0.15",
      "resolved": "https://signiant.jfrog.io/signiant/api/npm/npm-virt/spawn-sync/-/spawn-sync-1.0.15.tgz",
      "integrity": "sha1-sAeZVX63+wyDdsKdROih6mfldHY=",
      "dev": true,
      "requires": {
        "concat-stream": "^1.4.7",
        "os-shim": "^0.1.2"
      }
    },
    "sprintf-js": {
      "version": "1.0.3",
      "resolved": "https://signiant.jfrog.io/signiant/api/npm/npm-virt/sprintf-js/-/sprintf-js-1.0.3.tgz",
      "integrity": "sha1-BOaSb2YolTVPPdAVIDYzuFcpfiw=",
      "dev": true
    },
    "string_decoder": {
      "version": "1.1.1",
      "resolved": "https://signiant.jfrog.io/signiant/api/npm/npm-virt/string_decoder/-/string_decoder-1.1.1.tgz",
      "integrity": "sha1-nPFhG6YmhdcDCunkujQUnDrwP8g=",
      "dev": true,
      "requires": {
        "safe-buffer": "~5.1.0"
      }
    },
    "supports-color": {
      "version": "3.2.3",
      "resolved": "https://signiant.jfrog.io/signiant/api/npm/npm-virt/supports-color/-/supports-color-3.2.3.tgz",
      "integrity": "sha1-ZawFBLOVQXHYpklGsq48u4pfVPY=",
      "dev": true,
      "requires": {
        "has-flag": "^1.0.0"
      }
    },
    "type-check": {
      "version": "0.3.2",
      "resolved": "https://signiant.jfrog.io/signiant/api/npm/npm-virt/type-check/-/type-check-0.3.2.tgz",
      "integrity": "sha1-WITKtRLPHTVeP7eE8wgEsrUg23I=",
      "dev": true,
      "requires": {
        "prelude-ls": "~1.1.2"
      }
    },
    "type-detect": {
      "version": "4.0.8",
      "resolved": "https://signiant.jfrog.io/signiant/api/npm/npm-virt/type-detect/-/type-detect-4.0.8.tgz",
      "integrity": "sha1-dkb7XxiHHPu3dJ5pvTmmOI63RQw=",
      "dev": true
    },
    "typedarray": {
      "version": "0.0.6",
      "resolved": "https://signiant.jfrog.io/signiant/api/npm/npm-virt/typedarray/-/typedarray-0.0.6.tgz",
      "integrity": "sha1-hnrHTjhkGHsdPUfZlqeOxciDB3c=",
      "dev": true
    },
    "uglify-js": {
      "version": "3.14.5",
      "resolved": "https://signiant.jfrog.io/signiant/api/npm/npm-virt/uglify-js/-/uglify-js-3.14.5.tgz",
      "integrity": "sha1-zau31JVCMdgMtKknZUxGVeUfSFk=",
      "dev": true,
      "optional": true
    },
    "util-deprecate": {
      "version": "1.0.2",
      "resolved": "https://signiant.jfrog.io/signiant/api/npm/npm-virt/util-deprecate/-/util-deprecate-1.0.2.tgz",
      "integrity": "sha1-RQ1Nyfpw3nMnYvvS1KKJgUGaDM8=",
      "dev": true
    },
    "which": {
      "version": "1.3.1",
      "resolved": "https://signiant.jfrog.io/signiant/api/npm/npm-virt/which/-/which-1.3.1.tgz",
      "integrity": "sha1-pFBD1U9YBTFtqNYvn1CRjT2nCwo=",
      "dev": true,
      "requires": {
        "isexe": "^2.0.0"
      }
    },
    "window.name": {
      "version": "0.0.4",
      "resolved": "https://signiant.jfrog.io/signiant/api/npm/npm-virt/window.name/-/window.name-0.0.4.tgz",
      "integrity": "sha1-OIRRG0BAKo0u5jx8caLLoXlC+kc=",
      "requires": {
        "querystringify": "^2.1.1"
      }
    },
    "word-wrap": {
      "version": "1.2.3",
      "resolved": "https://signiant.jfrog.io/signiant/api/npm/npm-virt/word-wrap/-/word-wrap-1.2.3.tgz",
      "integrity": "sha1-YQY29rH3A4kb00dxzLF/uTtHB5w=",
      "dev": true
    },
    "wordwrap": {
      "version": "1.0.0",
      "resolved": "https://signiant.jfrog.io/signiant/api/npm/npm-virt/wordwrap/-/wordwrap-1.0.0.tgz",
      "integrity": "sha1-J1hIEIkUVqQXHI0CJkQa3pDLyus=",
      "dev": true
    },
    "wrappy": {
      "version": "1.0.2",
      "resolved": "https://signiant.jfrog.io/signiant/api/npm/npm-virt/wrappy/-/wrappy-1.0.2.tgz",
      "integrity": "sha1-tSQ9jz7BqjXxNkYFvA0QNuMKtp8=",
      "dev": true
    },
    "yallist": {
      "version": "2.1.2",
      "resolved": "https://signiant.jfrog.io/signiant/api/npm/npm-virt/yallist/-/yallist-2.1.2.tgz",
      "integrity": "sha1-HBH5IY8HYImkfdUS+TxmmaaoHVI=",
      "dev": true
    }
  }
}
